
Microsoft Visual Studio Solution File, Format Version 12.00
# Visual Studio Version 17
VisualStudioVersion = 17.7.34202.233
MinimumVisualStudioVersion = 10.0.40219.1
Project("{FAE04EC0-301F-11D3-BF4B-00C04F79EFBC}") = "prueba1", "prueba1\prueba1.csproj", "{30EB0AB4-0F8F-41BF-9F6C-BB4006FB34FA}"
EndProject
Global
	GlobalSection(SolutionConfigurationPlatforms) = preSolution
		Debug|Any CPU = Debug|Any CPU
		Release|Any CPU = Release|Any CPU
	EndGlobalSection
	GlobalSection(ProjectConfigurationPlatforms) = postSolution
		{30EB0AB4-0F8F-41BF-9F6C-BB4006FB34FA}.Debug|Any CPU.ActiveCfg = Debug|Any CPU
		{30EB0AB4-0F8F-41BF-9F6C-BB4006FB34FA}.Debug|Any CPU.Build.0 = Debug|Any CPU
		{30EB0AB4-0F8F-41BF-9F6C-BB4006FB34FA}.Release|Any CPU.ActiveCfg = Release|Any CPU
		{30EB0AB4-0F8F-41BF-9F6C-BB4006FB34FA}.Release|Any CPU.Build.0 = Release|Any CPU
	EndGlobalSection
	GlobalSection(SolutionProperties) = preSolution
		HideSolutionNode = FALSE
	EndGlobalSection
	GlobalSection(ExtensibilityGlobals) = postSolution
		SolutionGuid = {472613C5-E70C-4D4B-8BCA-5F4735DD1B0A}
	EndGlobalSection
EndGlobal
