
Microsoft Visual Studio Solution File, Format Version 12.00
# Visual Studio Version 17
VisualStudioVersion = 17.7.34031.279
MinimumVisualStudioVersion = 10.0.40219.1
Project("{FAE04EC0-301F-11D3-BF4B-00C04F79EFBC}") = "Practica1 EJ7", "Practica1 EJ7\Practica1 EJ7.csproj", "{4FA0EE8C-E9EC-409E-B288-11A625BE0A93}"
EndProject
Global
	GlobalSection(SolutionConfigurationPlatforms) = preSolution
		Debug|Any CPU = Debug|Any CPU
		Release|Any CPU = Release|Any CPU
	EndGlobalSection
	GlobalSection(ProjectConfigurationPlatforms) = postSolution
		{4FA0EE8C-E9EC-409E-B288-11A625BE0A93}.Debug|Any CPU.ActiveCfg = Debug|Any CPU
		{4FA0EE8C-E9EC-409E-B288-11A625BE0A93}.Debug|Any CPU.Build.0 = Debug|Any CPU
		{4FA0EE8C-E9EC-409E-B288-11A625BE0A93}.Release|Any CPU.ActiveCfg = Release|Any CPU
		{4FA0EE8C-E9EC-409E-B288-11A625BE0A93}.Release|Any CPU.Build.0 = Release|Any CPU
	EndGlobalSection
	GlobalSection(SolutionProperties) = preSolution
		HideSolutionNode = FALSE
	EndGlobalSection
	GlobalSection(ExtensibilityGlobals) = postSolution
		SolutionGuid = {25AA16CC-7A12-4768-AA8C-BF5A7030BAAB}
	EndGlobalSection
EndGlobal
