
Microsoft Visual Studio Solution File, Format Version 12.00
# Visual Studio Version 17
VisualStudioVersion = 17.7.34202.233
MinimumVisualStudioVersion = 10.0.40219.1
Project("{FAE04EC0-301F-11D3-BF4B-00C04F79EFBC}") = "holabuena", "holabuena\holabuena.csproj", "{3D57462D-9B29-4805-92E7-5A8DD7E47B97}"
EndProject
Global
	GlobalSection(SolutionConfigurationPlatforms) = preSolution
		Debug|Any CPU = Debug|Any CPU
		Release|Any CPU = Release|Any CPU
	EndGlobalSection
	GlobalSection(ProjectConfigurationPlatforms) = postSolution
		{3D57462D-9B29-4805-92E7-5A8DD7E47B97}.Debug|Any CPU.ActiveCfg = Debug|Any CPU
		{3D57462D-9B29-4805-92E7-5A8DD7E47B97}.Debug|Any CPU.Build.0 = Debug|Any CPU
		{3D57462D-9B29-4805-92E7-5A8DD7E47B97}.Release|Any CPU.ActiveCfg = Release|Any CPU
		{3D57462D-9B29-4805-92E7-5A8DD7E47B97}.Release|Any CPU.Build.0 = Release|Any CPU
	EndGlobalSection
	GlobalSection(SolutionProperties) = preSolution
		HideSolutionNode = FALSE
	EndGlobalSection
	GlobalSection(ExtensibilityGlobals) = postSolution
		SolutionGuid = {493CD610-1C6D-4F49-BC4C-B0EA185A53BB}
	EndGlobalSection
EndGlobal
