
Microsoft Visual Studio Solution File, Format Version 12.00
# Visual Studio Version 17
VisualStudioVersion = 17.7.34031.279
MinimumVisualStudioVersion = 10.0.40219.1
Project("{FAE04EC0-301F-11D3-BF4B-00C04F79EFBC}") = "dados", "dados\dados.csproj", "{F4150B3A-523D-4B01-A0DE-4290C5327F24}"
EndProject
Global
	GlobalSection(SolutionConfigurationPlatforms) = preSolution
		Debug|Any CPU = Debug|Any CPU
		Release|Any CPU = Release|Any CPU
	EndGlobalSection
	GlobalSection(ProjectConfigurationPlatforms) = postSolution
		{F4150B3A-523D-4B01-A0DE-4290C5327F24}.Debug|Any CPU.ActiveCfg = Debug|Any CPU
		{F4150B3A-523D-4B01-A0DE-4290C5327F24}.Debug|Any CPU.Build.0 = Debug|Any CPU
		{F4150B3A-523D-4B01-A0DE-4290C5327F24}.Release|Any CPU.ActiveCfg = Release|Any CPU
		{F4150B3A-523D-4B01-A0DE-4290C5327F24}.Release|Any CPU.Build.0 = Release|Any CPU
	EndGlobalSection
	GlobalSection(SolutionProperties) = preSolution
		HideSolutionNode = FALSE
	EndGlobalSection
	GlobalSection(ExtensibilityGlobals) = postSolution
		SolutionGuid = {D5254FE6-6F92-4175-B667-27279C4B1BD1}
	EndGlobalSection
EndGlobal
