
Microsoft Visual Studio Solution File, Format Version 12.00
# Visual Studio Version 17
VisualStudioVersion = 17.7.34202.233
MinimumVisualStudioVersion = 10.0.40219.1
Project("{FAE04EC0-301F-11D3-BF4B-00C04F79EFBC}") = "numero solicitados", "numero solicitados\numero solicitados.csproj", "{60230DBC-1F24-419C-9436-A98C8AFCC333}"
EndProject
Global
	GlobalSection(SolutionConfigurationPlatforms) = preSolution
		Debug|Any CPU = Debug|Any CPU
		Release|Any CPU = Release|Any CPU
	EndGlobalSection
	GlobalSection(ProjectConfigurationPlatforms) = postSolution
		{60230DBC-1F24-419C-9436-A98C8AFCC333}.Debug|Any CPU.ActiveCfg = Debug|Any CPU
		{60230DBC-1F24-419C-9436-A98C8AFCC333}.Debug|Any CPU.Build.0 = Debug|Any CPU
		{60230DBC-1F24-419C-9436-A98C8AFCC333}.Release|Any CPU.ActiveCfg = Release|Any CPU
		{60230DBC-1F24-419C-9436-A98C8AFCC333}.Release|Any CPU.Build.0 = Release|Any CPU
	EndGlobalSection
	GlobalSection(SolutionProperties) = preSolution
		HideSolutionNode = FALSE
	EndGlobalSection
	GlobalSection(ExtensibilityGlobals) = postSolution
		SolutionGuid = {777BEFFF-754F-4112-87F1-ED3AC785369D}
	EndGlobalSection
EndGlobal
