
Microsoft Visual Studio Solution File, Format Version 12.00
# Visual Studio Version 17
VisualStudioVersion = 17.7.34031.279
MinimumVisualStudioVersion = 10.0.40219.1
Project("{FAE04EC0-301F-11D3-BF4B-00C04F79EFBC}") = "Practica1 EJ.2", "Practica1 EJ.2\Practica1 EJ.2.csproj", "{F062D625-4033-4C0D-B277-B09777BE2A24}"
EndProject
Global
	GlobalSection(SolutionConfigurationPlatforms) = preSolution
		Debug|Any CPU = Debug|Any CPU
		Release|Any CPU = Release|Any CPU
	EndGlobalSection
	GlobalSection(ProjectConfigurationPlatforms) = postSolution
		{F062D625-4033-4C0D-B277-B09777BE2A24}.Debug|Any CPU.ActiveCfg = Debug|Any CPU
		{F062D625-4033-4C0D-B277-B09777BE2A24}.Debug|Any CPU.Build.0 = Debug|Any CPU
		{F062D625-4033-4C0D-B277-B09777BE2A24}.Release|Any CPU.ActiveCfg = Release|Any CPU
		{F062D625-4033-4C0D-B277-B09777BE2A24}.Release|Any CPU.Build.0 = Release|Any CPU
	EndGlobalSection
	GlobalSection(SolutionProperties) = preSolution
		HideSolutionNode = FALSE
	EndGlobalSection
	GlobalSection(ExtensibilityGlobals) = postSolution
		SolutionGuid = {E1A5B91B-638A-42E9-B0BD-6C9D023E3D1A}
	EndGlobalSection
EndGlobal
